// !$*UTF8*$!
{
	archiveVersion = 1;
	classes = {
	};
	objectVersion = 50;
	objects = {

/* Begin PBXBuildFile section */
		DCD1C4132293099500367AEC /* AppDelegate.m in Sources */ = {isa = PBXBuildFile; fileRef = DCD1C4122293099500367AEC /* AppDelegate.m */; };
		DCD1C4192293099500367AEC /* Main.storyboard in Resources */ = {isa = PBXBuildFile; fileRef = DCD1C4172293099500367AEC /* Main.storyboard */; };
		DCD1C41B2293099500367AEC /* Assets.xcassets in Resources */ = {isa = PBXBuildFile; fileRef = DCD1C41A2293099500367AEC /* Assets.xcassets */; };
		DCD1C41E2293099500367AEC /* LaunchScreen.storyboard in Resources */ = {isa = PBXBuildFile; fileRef = DCD1C41C2293099500367AEC /* LaunchScreen.storyboard */; };
		DCD1C4212293099500367AEC /* main.m in Sources */ = {isa = PBXBuildFile; fileRef = DCD1C4202293099500367AEC /* main.m */; };
		DCD1C42A22930BD100367AEC /* KHESong.m in Sources */ = {isa = PBXBuildFile; fileRef = DCD1C42922930BD100367AEC /* KHESong.m */; };
		DCD1C42D22930C3200367AEC /* KHEPlaylist.m in Sources */ = {isa = PBXBuildFile; fileRef = DCD1C42C22930C3200367AEC /* KHEPlaylist.m */; };
		DCD1C431229316B800367AEC /* KHEPlaylistController.m in Sources */ = {isa = PBXBuildFile; fileRef = DCD1C430229316B800367AEC /* KHEPlaylistController.m */; };
		DCD1C4362293225600367AEC /* KHEPlaylistListTableViewController.m in Sources */ = {isa = PBXBuildFile; fileRef = DCD1C4352293225600367AEC /* KHEPlaylistListTableViewController.m */; };
		DCD1C4392293227000367AEC /* KHESongListTableViewController.m in Sources */ = {isa = PBXBuildFile; fileRef = DCD1C4382293227000367AEC /* KHESongListTableViewController.m */; };
/* End PBXBuildFile section */

/* Begin PBXFileReference section */
		DCD1C40E2293099400367AEC /* Playlist-C.app */ = {isa = PBXFileReference; explicitFileType = wrapper.application; includeInIndex = 0; path = "Playlist-C.app"; sourceTree = BUILT_PRODUCTS_DIR; };
		DCD1C4112293099400367AEC /* AppDelegate.h */ = {isa = PBXFileReference; lastKnownFileType = sourcecode.c.h; path = AppDelegate.h; sourceTree = "<group>"; };
		DCD1C4122293099500367AEC /* AppDelegate.m */ = {isa = PBXFileReference; lastKnownFileType = sourcecode.c.objc; path = AppDelegate.m; sourceTree = "<group>"; };
		DCD1C4182293099500367AEC /* Base */ = {isa = PBXFileReference; lastKnownFileType = file.storyboard; name = Base; path = Base.lproj/Main.storyboard; sourceTree = "<group>"; };
		DCD1C41A2293099500367AEC /* Assets.xcassets */ = {isa = PBXFileReference; lastKnownFileType = folder.assetcatalog; path = Assets.xcassets; sourceTree = "<group>"; };
		DCD1C41D2293099500367AEC /* Base */ = {isa = PBXFileReference; lastKnownFileType = file.storyboard; name = Base; path = Base.lproj/LaunchScreen.storyboard; sourceTree = "<group>"; };
		DCD1C41F2293099500367AEC /* Info.plist */ = {isa = PBXFileReference; lastKnownFileType = text.plist.xml; path = Info.plist; sourceTree = "<group>"; };
		DCD1C4202293099500367AEC /* main.m */ = {isa = PBXFileReference; lastKnownFileType = sourcecode.c.objc; path = main.m; sourceTree = "<group>"; };
		DCD1C42822930BD100367AEC /* KHESong.h */ = {isa = PBXFileReference; lastKnownFileType = sourcecode.c.h; path = KHESong.h; sourceTree = "<group>"; };
		DCD1C42922930BD100367AEC /* KHESong.m */ = {isa = PBXFileReference; lastKnownFileType = sourcecode.c.objc; path = KHESong.m; sourceTree = "<group>"; };
		DCD1C42B22930C3200367AEC /* KHEPlaylist.h */ = {isa = PBXFileReference; lastKnownFileType = sourcecode.c.h; path = KHEPlaylist.h; sourceTree = "<group>"; };
		DCD1C42C22930C3200367AEC /* KHEPlaylist.m */ = {isa = PBXFileReference; lastKnownFileType = sourcecode.c.objc; path = KHEPlaylist.m; sourceTree = "<group>"; };
		DCD1C42F229316B800367AEC /* KHEPlaylistController.h */ = {isa = PBXFileReference; lastKnownFileType = sourcecode.c.h; path = KHEPlaylistController.h; sourceTree = "<group>"; };
		DCD1C430229316B800367AEC /* KHEPlaylistController.m */ = {isa = PBXFileReference; lastKnownFileType = sourcecode.c.objc; path = KHEPlaylistController.m; sourceTree = "<group>"; };
		DCD1C4342293225600367AEC /* KHEPlaylistListTableViewController.h */ = {isa = PBXFileReference; lastKnownFileType = sourcecode.c.h; path = KHEPlaylistListTableViewController.h; sourceTree = "<group>"; };
		DCD1C4352293225600367AEC /* KHEPlaylistListTableViewController.m */ = {isa = PBXFileReference; lastKnownFileType = sourcecode.c.objc; path = KHEPlaylistListTableViewController.m; sourceTree = "<group>"; };
		DCD1C4372293227000367AEC /* KHESongListTableViewController.h */ = {isa = PBXFileReference; lastKnownFileType = sourcecode.c.h; path = KHESongListTableViewController.h; sourceTree = "<group>"; };
		DCD1C4382293227000367AEC /* KHESongListTableViewController.m */ = {isa = PBXFileReference; lastKnownFileType = sourcecode.c.objc; path = KHESongListTableViewController.m; sourceTree = "<group>"; };
/* End PBXFileReference section */

/* Begin PBXFrameworksBuildPhase section */
		DCD1C40B2293099400367AEC /* Frameworks */ = {
			isa = PBXFrameworksBuildPhase;
			buildActionMask = 2147483647;
			files = (
			);
			runOnlyForDeploymentPostprocessing = 0;
		};
/* End PBXFrameworksBuildPhase section */

/* Begin PBXGroup section */
		DCD1C4052293099400367AEC = {
			isa = PBXGroup;
			children = (
				DCD1C4102293099400367AEC /* Playlist-C */,
				DCD1C42722930A9A00367AEC /* Resources */,
				DCD1C40F2293099400367AEC /* Products */,
			);
			sourceTree = "<group>";
		};
		DCD1C40F2293099400367AEC /* Products */ = {
			isa = PBXGroup;
			children = (
				DCD1C40E2293099400367AEC /* Playlist-C.app */,
			);
			name = Products;
			sourceTree = "<group>";
		};
		DCD1C4102293099400367AEC /* Playlist-C */ = {
			isa = PBXGroup;
			children = (
				DCD1C4112293099400367AEC /* AppDelegate.h */,
				DCD1C4122293099500367AEC /* AppDelegate.m */,
				DCD1C4172293099500367AEC /* Main.storyboard */,
				DCD1C42E22930C4000367AEC /* Models */,
				DCD1C432229316BC00367AEC /* Controllers */,
			);
			path = "Playlist-C";
			sourceTree = "<group>";
		};
		DCD1C42722930A9A00367AEC /* Resources */ = {
			isa = PBXGroup;
			children = (
				DCD1C41A2293099500367AEC /* Assets.xcassets */,
				DCD1C41C2293099500367AEC /* LaunchScreen.storyboard */,
				DCD1C41F2293099500367AEC /* Info.plist */,
				DCD1C4202293099500367AEC /* main.m */,
			);
			path = Resources;
			sourceTree = "<group>";
		};
		DCD1C42E22930C4000367AEC /* Models */ = {
			isa = PBXGroup;
			children = (
				DCD1C42822930BD100367AEC /* KHESong.h */,
				DCD1C42922930BD100367AEC /* KHESong.m */,
				DCD1C42B22930C3200367AEC /* KHEPlaylist.h */,
				DCD1C42C22930C3200367AEC /* KHEPlaylist.m */,
			);
			path = Models;
			sourceTree = "<group>";
		};
		DCD1C432229316BC00367AEC /* Controllers */ = {
			isa = PBXGroup;
			children = (
				DCD1C4332293224300367AEC /* ModelControllers */,
				DCD1C43A2293227600367AEC /* ViewControllers */,
			);
			path = Controllers;
			sourceTree = "<group>";
		};
		DCD1C4332293224300367AEC /* ModelControllers */ = {
			isa = PBXGroup;
			children = (
				DCD1C42F229316B800367AEC /* KHEPlaylistController.h */,
				DCD1C430229316B800367AEC /* KHEPlaylistController.m */,
			);
			path = ModelControllers;
			sourceTree = "<group>";
		};
		DCD1C43A2293227600367AEC /* ViewControllers */ = {
			isa = PBXGroup;
			children = (
				DCD1C4342293225600367AEC /* KHEPlaylistListTableViewController.h */,
				DCD1C4352293225600367AEC /* KHEPlaylistListTableViewController.m */,
				DCD1C4372293227000367AEC /* KHESongListTableViewController.h */,
				DCD1C4382293227000367AEC /* KHESongListTableViewController.m */,
			);
			path = ViewControllers;
			sourceTree = "<group>";
		};
/* End PBXGroup section */

/* Begin PBXNativeTarget section */
		DCD1C40D2293099400367AEC /* Playlist-C */ = {
			isa = PBXNativeTarget;
			buildConfigurationList = DCD1C4242293099500367AEC /* Build configuration list for PBXNativeTarget "Playlist-C" */;
			buildPhases = (
				DCD1C40A2293099400367AEC /* Sources */,
				DCD1C40B2293099400367AEC /* Frameworks */,
				DCD1C40C2293099400367AEC /* Resources */,
			);
			buildRules = (
			);
			dependencies = (
			);
			name = "Playlist-C";
			productName = "Playlist-C";
			productReference = DCD1C40E2293099400367AEC /* Playlist-C.app */;
			productType = "com.apple.product-type.application";
		};
/* End PBXNativeTarget section */

/* Begin PBXProject section */
		DCD1C4062293099400367AEC /* Project object */ = {
			isa = PBXProject;
			attributes = {
				CLASSPREFIX = KHE;
				LastUpgradeCheck = 1020;
				ORGANIZATIONNAME = DevMountain;
				TargetAttributes = {
					DCD1C40D2293099400367AEC = {
						CreatedOnToolsVersion = 10.2.1;
					};
				};
			};
			buildConfigurationList = DCD1C4092293099400367AEC /* Build configuration list for PBXProject "Playlist-C" */;
			compatibilityVersion = "Xcode 9.3";
			developmentRegion = en;
			hasScannedForEncodings = 0;
			knownRegions = (
				en,
				Base,
			);
			mainGroup = DCD1C4052293099400367AEC;
			productRefGroup = DCD1C40F2293099400367AEC /* Products */;
			projectDirPath = "";
			projectRoot = "";
			targets = (
				DCD1C40D2293099400367AEC /* Playlist-C */,
			);
		};
/* End PBXProject section */

/* Begin PBXResourcesBuildPhase section */
		DCD1C40C2293099400367AEC /* Resources */ = {
			isa = PBXResourcesBuildPhase;
			buildActionMask = 2147483647;
			files = (
				DCD1C41E2293099500367AEC /* LaunchScreen.storyboard in Resources */,
				DCD1C41B2293099500367AEC /* Assets.xcassets in Resources */,
				DCD1C4192293099500367AEC /* Main.storyboard in Resources */,
			);
			runOnlyForDeploymentPostprocessing = 0;
		};
/* End PBXResourcesBuildPhase section */

/* Begin PBXSourcesBuildPhase section */
		DCD1C40A2293099400367AEC /* Sources */ = {
			isa = PBXSourcesBuildPhase;
			buildActionMask = 2147483647;
			files = (
				DCD1C42A22930BD100367AEC /* KHESong.m in Sources */,
				DCD1C4212293099500367AEC /* main.m in Sources */,
				DCD1C4362293225600367AEC /* KHEPlaylistListTableViewController.m in Sources */,
				DCD1C42D22930C3200367AEC /* KHEPlaylist.m in Sources */,
				DCD1C431229316B800367AEC /* KHEPlaylistController.m in Sources */,
				DCD1C4132293099500367AEC /* AppDelegate.m in Sources */,
				DCD1C4392293227000367AEC /* KHESongListTableViewController.m in Sources */,
			);
			runOnlyForDeploymentPostprocessing = 0;
		};
/* End PBXSourcesBuildPhase section */

/* Begin PBXVariantGroup section */
		DCD1C4172293099500367AEC /* Main.storyboard */ = {
			isa = PBXVariantGroup;
			children = (
				DCD1C4182293099500367AEC /* Base */,
			);
			name = Main.storyboard;
			sourceTree = "<group>";
		};
		DCD1C41C2293099500367AEC /* LaunchScreen.storyboard */ = {
			isa = PBXVariantGroup;
			children = (
				DCD1C41D2293099500367AEC /* Base */,
			);
			name = LaunchScreen.storyboard;
			sourceTree = "<group>";
		};
/* End PBXVariantGroup section */

/* Begin XCBuildConfiguration section */
		DCD1C4222293099500367AEC /* Debug */ = {
			isa = XCBuildConfiguration;
			buildSettings = {
				ALWAYS_SEARCH_USER_PATHS = NO;
				CLANG_ANALYZER_NONNULL = YES;
				CLANG_ANALYZER_NUMBER_OBJECT_CONVERSION = YES_AGGRESSIVE;
				CLANG_CXX_LANGUAGE_STANDARD = "gnu++14";
				CLANG_CXX_LIBRARY = "libc++";
				CLANG_ENABLE_MODULES = YES;
				CLANG_ENABLE_OBJC_ARC = YES;
				CLANG_ENABLE_OBJC_WEAK = YES;
				CLANG_WARN_BLOCK_CAPTURE_AUTORELEASING = YES;
				CLANG_WARN_BOOL_CONVERSION = YES;
				CLANG_WARN_COMMA = YES;
				CLANG_WARN_CONSTANT_CONVERSION = YES;
				CLANG_WARN_DEPRECATED_OBJC_IMPLEMENTATIONS = YES;
				CLANG_WARN_DIRECT_OBJC_ISA_USAGE = YES_ERROR;
				CLANG_WARN_DOCUMENTATION_COMMENTS = YES;
				CLANG_WARN_EMPTY_BODY = YES;
				CLANG_WARN_ENUM_CONVERSION = YES;
				CLANG_WARN_INFINITE_RECURSION = YES;
				CLANG_WARN_INT_CONVERSION = YES;
				CLANG_WARN_NON_LITERAL_NULL_CONVERSION = YES;
				CLANG_WARN_OBJC_IMPLICIT_RETAIN_SELF = YES;
				CLANG_WARN_OBJC_LITERAL_CONVERSION = YES;
				CLANG_WARN_OBJC_ROOT_CLASS = YES_ERROR;
				CLANG_WARN_RANGE_LOOP_ANALYSIS = YES;
				CLANG_WARN_STRICT_PROTOTYPES = YES;
				CLANG_WARN_SUSPICIOUS_MOVE = YES;
				CLANG_WARN_UNGUARDED_AVAILABILITY = YES_AGGRESSIVE;
				CLANG_WARN_UNREACHABLE_CODE = YES;
				CLANG_WARN__DUPLICATE_METHOD_MATCH = YES;
				CODE_SIGN_IDENTITY = "iPhone Developer";
				COPY_PHASE_STRIP = NO;
				DEBUG_INFORMATION_FORMAT = dwarf;
				ENABLE_STRICT_OBJC_MSGSEND = YES;
				ENABLE_TESTABILITY = YES;
				GCC_C_LANGUAGE_STANDARD = gnu11;
				GCC_DYNAMIC_NO_PIC = NO;
				GCC_NO_COMMON_BLOCKS = YES;
				GCC_OPTIMIZATION_LEVEL = 0;
				GCC_PREPROCESSOR_DEFINITIONS = (
					"DEBUG=1",
					"$(inherited)",
				);
				GCC_WARN_64_TO_32_BIT_CONVERSION = YES;
				GCC_WARN_ABOUT_RETURN_TYPE = YES_ERROR;
				GCC_WARN_UNDECLARED_SELECTOR = YES;
				GCC_WARN_UNINITIALIZED_AUTOS = YES_AGGRESSIVE;
				GCC_WARN_UNUSED_FUNCTION = YES;
				GCC_WARN_UNUSED_VARIABLE = YES;
				IPHONEOS_DEPLOYMENT_TARGET = 12.2;
				MTL_ENABLE_DEBUG_INFO = INCLUDE_SOURCE;
				MTL_FAST_MATH = YES;
				ONLY_ACTIVE_ARCH = YES;
				SDKROOT = iphoneos;
			};
			name = Debug;
		};
		DCD1C4232293099500367AEC /* Release */ = {
			isa = XCBuildConfiguration;
			buildSettings = {
				ALWAYS_SEARCH_USER_PATHS = NO;
				CLANG_ANALYZER_NONNULL = YES;
				CLANG_ANALYZER_NUMBER_OBJECT_CONVERSION = YES_AGGRESSIVE;
				CLANG_CXX_LANGUAGE_STANDARD = "gnu++14";
				CLANG_CXX_LIBRARY = "libc++";
				CLANG_ENABLE_MODULES = YES;
				CLANG_ENABLE_OBJC_ARC = YES;
				CLANG_ENABLE_OBJC_WEAK = YES;
				CLANG_WARN_BLOCK_CAPTURE_AUTORELEASING = YES;
				CLANG_WARN_BOOL_CONVERSION = YES;
				CLANG_WARN_COMMA = YES;
				CLANG_WARN_CONSTANT_CONVERSION = YES;
				CLANG_WARN_DEPRECATED_OBJC_IMPLEMENTATIONS = YES;
				CLANG_WARN_DIRECT_OBJC_ISA_USAGE = YES_ERROR;
				CLANG_WARN_DOCUMENTATION_COMMENTS = YES;
				CLANG_WARN_EMPTY_BODY = YES;
				CLANG_WARN_ENUM_CONVERSION = YES;
				CLANG_WARN_INFINITE_RECURSION = YES;
				CLANG_WARN_INT_CONVERSION = YES;
				CLANG_WARN_NON_LITERAL_NULL_CONVERSION = YES;
				CLANG_WARN_OBJC_IMPLICIT_RETAIN_SELF = YES;
				CLANG_WARN_OBJC_LITERAL_CONVERSION = YES;
				CLANG_WARN_OBJC_ROOT_CLASS = YES_ERROR;
				CLANG_WARN_RANGE_LOOP_ANALYSIS = YES;
				CLANG_WARN_STRICT_PROTOTYPES = YES;
				CLANG_WARN_SUSPICIOUS_MOVE = YES;
				CLANG_WARN_UNGUARDED_AVAILABILITY = YES_AGGRESSIVE;
				CLANG_WARN_UNREACHABLE_CODE = YES;
				CLANG_WARN__DUPLICATE_METHOD_MATCH = YES;
				CODE_SIGN_IDENTITY = "iPhone Developer";
				COPY_PHASE_STRIP = NO;
				DEBUG_INFORMATION_FORMAT = "dwarf-with-dsym";
				ENABLE_NS_ASSERTIONS = NO;
				ENABLE_STRICT_OBJC_MSGSEND = YES;
				GCC_C_LANGUAGE_STANDARD = gnu11;
				GCC_NO_COMMON_BLOCKS = YES;
				GCC_WARN_64_TO_32_BIT_CONVERSION = YES;
				GCC_WARN_ABOUT_RETURN_TYPE = YES_ERROR;
				GCC_WARN_UNDECLARED_SELECTOR = YES;
				GCC_WARN_UNINITIALIZED_AUTOS = YES_AGGRESSIVE;
				GCC_WARN_UNUSED_FUNCTION = YES;
				GCC_WARN_UNUSED_VARIABLE = YES;
				IPHONEOS_DEPLOYMENT_TARGET = 12.2;
				MTL_ENABLE_DEBUG_INFO = NO;
				MTL_FAST_MATH = YES;
				SDKROOT = iphoneos;
				VALIDATE_PRODUCT = YES;
			};
			name = Release;
		};
		DCD1C4252293099500367AEC /* Debug */ = {
			isa = XCBuildConfiguration;
			buildSettings = {
				ASSETCATALOG_COMPILER_APPICON_NAME = AppIcon;
				CODE_SIGN_STYLE = Automatic;
				DEVELOPMENT_TEAM = DT6NQCY8FM;
				INFOPLIST_FILE = "$(SRCROOT)/Resources/Info.plist";
				LD_RUNPATH_SEARCH_PATHS = (
					"$(inherited)",
					"@executable_path/Frameworks",
				);
				PRODUCT_BUNDLE_IDENTIFIER = "KadenDevMountain.Playlist-C";
				PRODUCT_NAME = "$(TARGET_NAME)";
				TARGETED_DEVICE_FAMILY = "1,2";
			};
			name = Debug;
		};
		DCD1C4262293099500367AEC /* Release */ = {
			isa = XCBuildConfiguration;
			buildSettings = {
				ASSETCATALOG_COMPILER_APPICON_NAME = AppIcon;
				CODE_SIGN_STYLE = Automatic;
				DEVELOPMENT_TEAM = DT6NQCY8FM;
				INFOPLIST_FILE = "$(SRCROOT)/Resources/Info.plist";
				LD_RUNPATH_SEARCH_PATHS = (
					"$(inherited)",
					"@executable_path/Frameworks",
				);
				PRODUCT_BUNDLE_IDENTIFIER = "KadenDevMountain.Playlist-C";
				PRODUCT_NAME = "$(TARGET_NAME)";
				TARGETED_DEVICE_FAMILY = "1,2";
			};
			name = Release;
		};
/* End XCBuildConfiguration section */

/* Begin XCConfigurationList section */
		DCD1C4092293099400367AEC /* Build configuration list for PBXProject "Playlist-C" */ = {
			isa = XCConfigurationList;
			buildConfigurations = (
				DCD1C4222293099500367AEC /* Debug */,
				DCD1C4232293099500367AEC /* Release */,
			);
			defaultConfigurationIsVisible = 0;
			defaultConfigurationName = Release;
		};
		DCD1C4242293099500367AEC /* Build configuration list for PBXNativeTarget "Playlist-C" */ = {
			isa = XCConfigurationList;
			buildConfigurations = (
				DCD1C4252293099500367AEC /* Debug */,
				DCD1C4262293099500367AEC /* Release */,
			);
			defaultConfigurationIsVisible = 0;
			defaultConfigurationName = Release;
		};
/* End XCConfigurationList section */
	};
	rootObject = DCD1C4062293099400367AEC /* Project object */;
}
